<Solution>
  <Folder Name="/Solution Items/">
    <File Path="activities.html" />
    <File Path="contact.html" />
    <File Path="food.html" />
    <File Path="index.html" />
    <File Path="lodging.html" />
    <File Path="style.css" />
    <File Path="transportation.html" />
  </Folder>
</Solution>
